
Microsoft Visual Studio Solution File, Format Version 12.00
# Visual Studio Version 17
VisualStudioVersion = 17.0.31903.59
MinimumVisualStudioVersion = 10.0.40219.1
Project("{9A19103F-16F7-4668-BE54-9A1E7A4F7556}") = "AlphaAPI", "AlphaAPI\AlphaAPI.csproj", "{7E96D513-7F82-48B8-B508-93774A7EA89A}"
EndProject
Project("{9A19103F-16F7-4668-BE54-9A1E7A4F7556}") = "AlphaApiService", "AlphaApiService\AlphaApiService.csproj", "{81135575-16FC-4158-ABF6-57A48D07FAE7}"
EndProject
Project("{FAE04EC0-301F-11D3-BF4B-00C04F79EFBC}") = "Worker", "Worker\Worker.csproj", "{0DAFC1CE-EA61-4CC8-A5F0-0616DA3865AE}"
EndProject
Global
	GlobalSection(SolutionConfigurationPlatforms) = preSolution
		Debug|Any CPU = Debug|Any CPU
		Release|Any CPU = Release|Any CPU
	EndGlobalSection
	GlobalSection(ProjectConfigurationPlatforms) = postSolution
		{7E96D513-7F82-48B8-B508-93774A7EA89A}.Debug|Any CPU.ActiveCfg = Debug|Any CPU
		{7E96D513-7F82-48B8-B508-93774A7EA89A}.Debug|Any CPU.Build.0 = Debug|Any CPU
		{7E96D513-7F82-48B8-B508-93774A7EA89A}.Release|Any CPU.ActiveCfg = Release|Any CPU
		{7E96D513-7F82-48B8-B508-93774A7EA89A}.Release|Any CPU.Build.0 = Release|Any CPU
		{81135575-16FC-4158-ABF6-57A48D07FAE7}.Debug|Any CPU.ActiveCfg = Debug|Any CPU
		{81135575-16FC-4158-ABF6-57A48D07FAE7}.Debug|Any CPU.Build.0 = Debug|Any CPU
		{81135575-16FC-4158-ABF6-57A48D07FAE7}.Release|Any CPU.ActiveCfg = Release|Any CPU
		{81135575-16FC-4158-ABF6-57A48D07FAE7}.Release|Any CPU.Build.0 = Release|Any CPU
		{0DAFC1CE-EA61-4CC8-A5F0-0616DA3865AE}.Debug|Any CPU.ActiveCfg = Debug|Any CPU
		{0DAFC1CE-EA61-4CC8-A5F0-0616DA3865AE}.Debug|Any CPU.Build.0 = Debug|Any CPU
		{0DAFC1CE-EA61-4CC8-A5F0-0616DA3865AE}.Release|Any CPU.ActiveCfg = Release|Any CPU
		{0DAFC1CE-EA61-4CC8-A5F0-0616DA3865AE}.Release|Any CPU.Build.0 = Release|Any CPU
	EndGlobalSection
	GlobalSection(SolutionProperties) = preSolution
		HideSolutionNode = FALSE
	EndGlobalSection
	GlobalSection(ExtensibilityGlobals) = postSolution
		SolutionGuid = {F6F729A4-D11B-43DF-BB4D-DE4039EC5858}
	EndGlobalSection
EndGlobal
